
Microsoft Visual Studio Solution File, Format Version 12.00
# Visual Studio Version 17
VisualStudioVersion = 17.10.34928.147
MinimumVisualStudioVersion = 10.0.40219.1
Project("{9A19103F-16F7-4668-BE54-9A1E7A4F7556}") = "CQRS", "CQRS\CQRS.csproj", "{1030C172-D1F3-4332-82A4-20DCBE80FBE2}"
EndProject
Global
	GlobalSection(SolutionConfigurationPlatforms) = preSolution
		Debug|Any CPU = Debug|Any CPU
		Release|Any CPU = Release|Any CPU
	EndGlobalSection
	GlobalSection(ProjectConfigurationPlatforms) = postSolution
		{1030C172-D1F3-4332-82A4-20DCBE80FBE2}.Debug|Any CPU.ActiveCfg = Debug|Any CPU
		{1030C172-D1F3-4332-82A4-20DCBE80FBE2}.Debug|Any CPU.Build.0 = Debug|Any CPU
		{1030C172-D1F3-4332-82A4-20DCBE80FBE2}.Release|Any CPU.ActiveCfg = Release|Any CPU
		{1030C172-D1F3-4332-82A4-20DCBE80FBE2}.Release|Any CPU.Build.0 = Release|Any CPU
	EndGlobalSection
	GlobalSection(SolutionProperties) = preSolution
		HideSolutionNode = FALSE
	EndGlobalSection
	GlobalSection(ExtensibilityGlobals) = postSolution
		SolutionGuid = {168F94E9-0607-48CC-9307-9A1F1DD6F6E5}
	EndGlobalSection
EndGlobal
